// !$*UTF8*$!
{
	archiveVersion = 1;
	classes = {
	};
	objectVersion = 46;
	objects = {

/* Begin PBXBuildFile section */
		335B918EE0F0002B7E4CF229 /* MXIClientBuffer.m in Sources */ = {isa = PBXBuildFile; fileRef = 335B955D1542C8EFA24D11E7 /* MXIClientBuffer.m */; };
		335B95A16D39B37452DAC357 /* MXIAbstractClientBufferEvent.m in Sources */ = {isa = PBXBuildFile; fileRef = 335B946D55D66009621A955D /* MXIAbstractClientBufferEvent.m */; };
		335B9697516EE43C6E61B008 /* MXIClientBufferNotice.m in Sources */ = {isa = PBXBuildFile; fileRef = 335B9157E58B3A5FBAD4F398 /* MXIClientBufferNotice.m */; };
		335B97C234D6731467F29409 /* MXIClientSayMethodCall.m in Sources */ = {isa = PBXBuildFile; fileRef = 335B90AE30F13437A58C4A03 /* MXIClientSayMethodCall.m */; };
		335B9913D00117512108C628 /* MXIClientBuffer.m in Sources */ = {isa = PBXBuildFile; fileRef = 335B955D1542C8EFA24D11E7 /* MXIClientBuffer.m */; };
		335B9994983418E7B8C6C584 /* MXIClientUserStats.m in Sources */ = {isa = PBXBuildFile; fileRef = 335B97AB0D165B8688A22FC5 /* MXIClientUserStats.m */; };
		335B9A4539BADA52720957AE /* README.md in Resources */ = {isa = PBXBuildFile; fileRef = 335B9D31190AC09C7720330E /* README.md */; };
		335B9B86FE7889063E4229BD /* MXIClientMethodCall.m in Sources */ = {isa = PBXBuildFile; fileRef = 335B903961229A4D7781E25D /* MXIClientMethodCall.m */; };
		335B9BBD4836E56DDA16BF23 /* MXIClientBufferAction.m in Sources */ = {isa = PBXBuildFile; fileRef = 335B970CE11E796679ABF3DB /* MXIClientBufferAction.m */; };
		335B9BEB3B1CE305CEB2F622 /* MXIClientServer.m in Sources */ = {isa = PBXBuildFile; fileRef = 335B935019C388A9957D78D5 /* MXIClientServer.m */; };
		335B9C71619BFD4E7FA59D10 /* MXILoginSheetController.m in Sources */ = {isa = PBXBuildFile; fileRef = 335B95E4544E03654981B73B /* MXILoginSheetController.m */; };
		335B9D4F313F843624CF1AAA /* MXIClientBufferMessage.m in Sources */ = {isa = PBXBuildFile; fileRef = 335B9928C2B3DB09F42D6B18 /* MXIClientBufferMessage.m */; };
		335B9D90E58EF0DC19ACFA43 /* MXIClientBufferMessage.m in Sources */ = {isa = PBXBuildFile; fileRef = 335B9928C2B3DB09F42D6B18 /* MXIClientBufferMessage.m */; };
		335B9DB7ABFF000CB090A26E /* MXIClientServer.m in Sources */ = {isa = PBXBuildFile; fileRef = 335B935019C388A9957D78D5 /* MXIClientServer.m */; };
		335B9E9CC2933F6E208BDD64 /* MXIAbstractClientBufferEvent.m in Sources */ = {isa = PBXBuildFile; fileRef = 335B946D55D66009621A955D /* MXIAbstractClientBufferEvent.m */; };
		8AE2694F5A0147099679819F /* libPods.a in Frameworks */ = {isa = PBXBuildFile; fileRef = F866E98F511A4C498E3456F5 /* libPods.a */; };
		D74764FF18C74A72BA6E5B45 /* libPods-mxey-IRCCloudTests.a in Frameworks */ = {isa = PBXBuildFile; fileRef = 83266AF4E83B48749B8A6023 /* libPods-mxey-IRCCloudTests.a */; };
		D93D89CE193F8AAD00BDD6D0 /* MXIClientChannel.m in Sources */ = {isa = PBXBuildFile; fileRef = D93D89CD193F8AAD00BDD6D0 /* MXIClientChannel.m */; };
		D93EF77F193F8EB0003699B3 /* MXIClientUser.m in Sources */ = {isa = PBXBuildFile; fileRef = D93EF77E193F8EB0003699B3 /* MXIClientUser.m */; };
		D9B42C2C1940EEA700C7EFB4 /* MXIClientBufferJoin.m in Sources */ = {isa = PBXBuildFile; fileRef = D9B42C2B1940EEA700C7EFB4 /* MXIClientBufferJoin.m */; };
		D9B42C2F1940EF1200C7EFB4 /* MXIClientBufferLeave.m in Sources */ = {isa = PBXBuildFile; fileRef = D9B42C2E1940EF1200C7EFB4 /* MXIClientBufferLeave.m */; };
		D9B42C35194119D800C7EFB4 /* MXIClientHeartbeatMethodCall.m in Sources */ = {isa = PBXBuildFile; fileRef = D9B42C34194119D800C7EFB4 /* MXIClientHeartbeatMethodCall.m */; };
		E91FB40D19438B87007408BF /* MXIMessageTextView.m in Sources */ = {isa = PBXBuildFile; fileRef = E91FB40C19438B87007408BF /* MXIMessageTextView.m */; };
		E91FB45A1944E091007408BF /* MXIClientReconnectMethodCall.m in Sources */ = {isa = PBXBuildFile; fileRef = E91FB4581944E091007408BF /* MXIClientReconnectMethodCall.m */; };
		E920A1F319427D78001C62AD /* MXIChatWindowController.m in Sources */ = {isa = PBXBuildFile; fileRef = E920A1F119427D78001C62AD /* MXIChatWindowController.m */; };
		E920A1F419427D78001C62AD /* MXIChatWindowController.xib in Resources */ = {isa = PBXBuildFile; fileRef = E920A1F219427D78001C62AD /* MXIChatWindowController.xib */; };
		F2261585194312CE002C78EF /* MXIClientBufferQuit.m in Sources */ = {isa = PBXBuildFile; fileRef = F2261584194312CE002C78EF /* MXIClientBufferQuit.m */; };
		F270CBFB1944AD4B009781D3 /* MXIClientIdle.m in Sources */ = {isa = PBXBuildFile; fileRef = F270CBFA1944AD4B009781D3 /* MXIClientIdle.m */; };
		F28399A917D659A800CF291D /* Cocoa.framework in Frameworks */ = {isa = PBXBuildFile; fileRef = F288A9C117D35D1D00D4AF6A /* Cocoa.framework */; };
		F288A9C217D35D1D00D4AF6A /* Cocoa.framework in Frameworks */ = {isa = PBXBuildFile; fileRef = F288A9C117D35D1D00D4AF6A /* Cocoa.framework */; };
		F288A9CC17D35D1D00D4AF6A /* InfoPlist.strings in Resources */ = {isa = PBXBuildFile; fileRef = F288A9CA17D35D1D00D4AF6A /* InfoPlist.strings */; };
		F288A9CE17D35D1D00D4AF6A /* main.m in Sources */ = {isa = PBXBuildFile; fileRef = F288A9CD17D35D1D00D4AF6A /* main.m */; };
		F288A9D217D35D1D00D4AF6A /* Credits.rtf in Resources */ = {isa = PBXBuildFile; fileRef = F288A9D017D35D1D00D4AF6A /* Credits.rtf */; };
		F288A9D517D35D1D00D4AF6A /* MXIAppDelegate.m in Sources */ = {isa = PBXBuildFile; fileRef = F288A9D417D35D1D00D4AF6A /* MXIAppDelegate.m */; };
		F288A9D817D35D1D00D4AF6A /* MainMenu.xib in Resources */ = {isa = PBXBuildFile; fileRef = F288A9D617D35D1D00D4AF6A /* MainMenu.xib */; };
		F288A9DA17D35D1D00D4AF6A /* Images.xcassets in Resources */ = {isa = PBXBuildFile; fileRef = F288A9D917D35D1D00D4AF6A /* Images.xcassets */; };
		F2ACECCA17D3DF3100D3F5C1 /* MXIClientTransport.m in Sources */ = {isa = PBXBuildFile; fileRef = F2ACECC917D3DF3100D3F5C1 /* MXIClientTransport.m */; };
		F2F7701F17D7A2BC0017F91D /* MXIClientTransport.m in Sources */ = {isa = PBXBuildFile; fileRef = F2ACECC917D3DF3100D3F5C1 /* MXIClientTransport.m */; };
		F2F7702517D7FA860017F91D /* MXIClient.m in Sources */ = {isa = PBXBuildFile; fileRef = F2F7702417D7FA860017F91D /* MXIClient.m */; };
		F2F7702617D7FA860017F91D /* MXIClient.m in Sources */ = {isa = PBXBuildFile; fileRef = F2F7702417D7FA860017F91D /* MXIClient.m */; };
		F2FA40611943B15B00C79347 /* LICENSE.txt in Resources */ = {isa = PBXBuildFile; fileRef = F2FA40601943B15B00C79347 /* LICENSE.txt */; };
		F2FDC80119393D2C0062E6AF /* LoginSheet.xib in Resources */ = {isa = PBXBuildFile; fileRef = F2FDC7FF19393D2C0062E6AF /* LoginSheet.xib */; };
/* End PBXBuildFile section */

/* Begin PBXFileReference section */
		263842E134D146DEBCEB8203 /* Pods.xcconfig */ = {isa = PBXFileReference; includeInIndex = 1; lastKnownFileType = text.xcconfig; name = Pods.xcconfig; path = Pods/Pods.xcconfig; sourceTree = SOURCE_ROOT; };
		335B901034F393F1496F64C0 /* MXIClientBufferMessage.h */ = {isa = PBXFileReference; fileEncoding = 4; lastKnownFileType = sourcecode.c.h; lineEnding = 0; path = MXIClientBufferMessage.h; sourceTree = "<group>"; xcLanguageSpecificationIdentifier = xcode.lang.objcpp; };
		335B903961229A4D7781E25D /* MXIClientMethodCall.m */ = {isa = PBXFileReference; fileEncoding = 4; lastKnownFileType = sourcecode.c.objc; path = MXIClientMethodCall.m; sourceTree = "<group>"; };
		335B90AE30F13437A58C4A03 /* MXIClientSayMethodCall.m */ = {isa = PBXFileReference; fileEncoding = 4; lastKnownFileType = sourcecode.c.objc; path = MXIClientSayMethodCall.m; sourceTree = "<group>"; };
		335B90DDEB9FCA036253B337 /* MXILoginSheetController.h */ = {isa = PBXFileReference; fileEncoding = 4; lastKnownFileType = sourcecode.c.h; lineEnding = 0; path = MXILoginSheetController.h; sourceTree = "<group>"; xcLanguageSpecificationIdentifier = xcode.lang.objcpp; };
		335B9157E58B3A5FBAD4F398 /* MXIClientBufferNotice.m */ = {isa = PBXFileReference; fileEncoding = 4; lastKnownFileType = sourcecode.c.objc; path = MXIClientBufferNotice.m; sourceTree = "<group>"; };
		335B92031FC93CF0F562F1A1 /* MXIClientSayMethodCall.h */ = {isa = PBXFileReference; fileEncoding = 4; lastKnownFileType = sourcecode.c.h; path = MXIClientSayMethodCall.h; sourceTree = "<group>"; };
		335B9347D15F73C878494EF8 /* MXIAbstractClientBufferEvent.h */ = {isa = PBXFileReference; fileEncoding = 4; lastKnownFileType = sourcecode.c.h; path = MXIAbstractClientBufferEvent.h; sourceTree = "<group>"; };
		335B935019C388A9957D78D5 /* MXIClientServer.m */ = {isa = PBXFileReference; fileEncoding = 4; lastKnownFileType = sourcecode.c.objc; lineEnding = 0; path = MXIClientServer.m; sourceTree = "<group>"; xcLanguageSpecificationIdentifier = xcode.lang.objc; };
		335B937021E2831E3325D3F1 /* MXIClientBufferNotice.h */ = {isa = PBXFileReference; fileEncoding = 4; lastKnownFileType = sourcecode.c.h; path = MXIClientBufferNotice.h; sourceTree = "<group>"; };
		335B93E9D656DF69C003DDC6 /* MXIClientBuffer.h */ = {isa = PBXFileReference; fileEncoding = 4; lastKnownFileType = sourcecode.c.h; lineEnding = 0; path = MXIClientBuffer.h; sourceTree = "<group>"; xcLanguageSpecificationIdentifier = xcode.lang.objcpp; };
		335B946D55D66009621A955D /* MXIAbstractClientBufferEvent.m */ = {isa = PBXFileReference; fileEncoding = 4; lastKnownFileType = sourcecode.c.objc; path = MXIAbstractClientBufferEvent.m; sourceTree = "<group>"; };
		335B955D1542C8EFA24D11E7 /* MXIClientBuffer.m */ = {isa = PBXFileReference; fileEncoding = 4; lastKnownFileType = sourcecode.c.objc; lineEnding = 0; path = MXIClientBuffer.m; sourceTree = "<group>"; xcLanguageSpecificationIdentifier = xcode.lang.objc; };
		335B95E4544E03654981B73B /* MXILoginSheetController.m */ = {isa = PBXFileReference; fileEncoding = 4; lastKnownFileType = sourcecode.c.objc; lineEnding = 0; path = MXILoginSheetController.m; sourceTree = "<group>"; xcLanguageSpecificationIdentifier = xcode.lang.objc; };
		335B95F0FD0D0E0C4B4494D3 /* MXIClientMethodCall.h */ = {isa = PBXFileReference; fileEncoding = 4; lastKnownFileType = sourcecode.c.h; path = MXIClientMethodCall.h; sourceTree = "<group>"; };
		335B970CE11E796679ABF3DB /* MXIClientBufferAction.m */ = {isa = PBXFileReference; fileEncoding = 4; lastKnownFileType = sourcecode.c.objc; path = MXIClientBufferAction.m; sourceTree = "<group>"; };
		335B97AB0D165B8688A22FC5 /* MXIClientUserStats.m */ = {isa = PBXFileReference; fileEncoding = 4; lastKnownFileType = sourcecode.c.objc; path = MXIClientUserStats.m; sourceTree = "<group>"; };
		335B984AAA1E88A620B6F997 /* MXIClientServer.h */ = {isa = PBXFileReference; fileEncoding = 4; lastKnownFileType = sourcecode.c.h; lineEnding = 0; path = MXIClientServer.h; sourceTree = "<group>"; xcLanguageSpecificationIdentifier = xcode.lang.objcpp; };
		335B98CFCCE99EE651FE9E17 /* MXIClientBufferAction.h */ = {isa = PBXFileReference; fileEncoding = 4; lastKnownFileType = sourcecode.c.h; path = MXIClientBufferAction.h; sourceTree = "<group>"; };
		335B9928C2B3DB09F42D6B18 /* MXIClientBufferMessage.m */ = {isa = PBXFileReference; fileEncoding = 4; lastKnownFileType = sourcecode.c.objc; lineEnding = 0; path = MXIClientBufferMessage.m; sourceTree = "<group>"; xcLanguageSpecificationIdentifier = xcode.lang.objc; };
		335B9A51A168911D9D527341 /* MXIClientTransportDelegate.h */ = {isa = PBXFileReference; fileEncoding = 4; lastKnownFileType = sourcecode.c.h; path = MXIClientTransportDelegate.h; sourceTree = "<group>"; };
		335B9D0EABE271B4CD9EF937 /* MXIClientUserStats.h */ = {isa = PBXFileReference; fileEncoding = 4; lastKnownFileType = sourcecode.c.h; path = MXIClientUserStats.h; sourceTree = "<group>"; };
		335B9D31190AC09C7720330E /* README.md */ = {isa = PBXFileReference; lastKnownFileType = file.md; path = README.md; sourceTree = "<group>"; };
		83266AF4E83B48749B8A6023 /* libPods-mxey-IRCCloudTests.a */ = {isa = PBXFileReference; explicitFileType = archive.ar; includeInIndex = 0; path = "libPods-mxey-IRCCloudTests.a"; sourceTree = BUILT_PRODUCTS_DIR; };
		D93D89CC193F8AAD00BDD6D0 /* MXIClientChannel.h */ = {isa = PBXFileReference; fileEncoding = 4; lastKnownFileType = sourcecode.c.h; lineEnding = 0; path = MXIClientChannel.h; sourceTree = "<group>"; xcLanguageSpecificationIdentifier = xcode.lang.objcpp; };
		D93D89CD193F8AAD00BDD6D0 /* MXIClientChannel.m */ = {isa = PBXFileReference; fileEncoding = 4; lastKnownFileType = sourcecode.c.objc; lineEnding = 0; path = MXIClientChannel.m; sourceTree = "<group>"; xcLanguageSpecificationIdentifier = xcode.lang.objc; };
		D93EF77D193F8EB0003699B3 /* MXIClientUser.h */ = {isa = PBXFileReference; fileEncoding = 4; lastKnownFileType = sourcecode.c.h; lineEnding = 0; path = MXIClientUser.h; sourceTree = "<group>"; xcLanguageSpecificationIdentifier = xcode.lang.objcpp; };
		D93EF77E193F8EB0003699B3 /* MXIClientUser.m */ = {isa = PBXFileReference; fileEncoding = 4; lastKnownFileType = sourcecode.c.objc; lineEnding = 0; path = MXIClientUser.m; sourceTree = "<group>"; xcLanguageSpecificationIdentifier = xcode.lang.objc; };
		D9B42C2A1940EEA700C7EFB4 /* MXIClientBufferJoin.h */ = {isa = PBXFileReference; fileEncoding = 4; lastKnownFileType = sourcecode.c.h; lineEnding = 0; path = MXIClientBufferJoin.h; sourceTree = "<group>"; xcLanguageSpecificationIdentifier = xcode.lang.objcpp; };
		D9B42C2B1940EEA700C7EFB4 /* MXIClientBufferJoin.m */ = {isa = PBXFileReference; fileEncoding = 4; lastKnownFileType = sourcecode.c.objc; lineEnding = 0; path = MXIClientBufferJoin.m; sourceTree = "<group>"; xcLanguageSpecificationIdentifier = xcode.lang.objc; };
		D9B42C2D1940EF1200C7EFB4 /* MXIClientBufferLeave.h */ = {isa = PBXFileReference; fileEncoding = 4; lastKnownFileType = sourcecode.c.h; lineEnding = 0; path = MXIClientBufferLeave.h; sourceTree = "<group>"; xcLanguageSpecificationIdentifier = xcode.lang.objcpp; };
		D9B42C2E1940EF1200C7EFB4 /* MXIClientBufferLeave.m */ = {isa = PBXFileReference; fileEncoding = 4; lastKnownFileType = sourcecode.c.objc; lineEnding = 0; path = MXIClientBufferLeave.m; sourceTree = "<group>"; xcLanguageSpecificationIdentifier = xcode.lang.objc; };
		D9B42C33194119D800C7EFB4 /* MXIClientHeartbeatMethodCall.h */ = {isa = PBXFileReference; fileEncoding = 4; lastKnownFileType = sourcecode.c.h; lineEnding = 0; path = MXIClientHeartbeatMethodCall.h; sourceTree = "<group>"; xcLanguageSpecificationIdentifier = xcode.lang.objcpp; };
		D9B42C34194119D800C7EFB4 /* MXIClientHeartbeatMethodCall.m */ = {isa = PBXFileReference; fileEncoding = 4; lastKnownFileType = sourcecode.c.objc; lineEnding = 0; path = MXIClientHeartbeatMethodCall.m; sourceTree = "<group>"; xcLanguageSpecificationIdentifier = xcode.lang.objc; };
		E91FB40B19438B87007408BF /* MXIMessageTextView.h */ = {isa = PBXFileReference; fileEncoding = 4; lastKnownFileType = sourcecode.c.h; path = MXIMessageTextView.h; sourceTree = "<group>"; };
		E91FB40C19438B87007408BF /* MXIMessageTextView.m */ = {isa = PBXFileReference; fileEncoding = 4; lastKnownFileType = sourcecode.c.objc; path = MXIMessageTextView.m; sourceTree = "<group>"; };
		E91FB4581944E091007408BF /* MXIClientReconnectMethodCall.m */ = {isa = PBXFileReference; fileEncoding = 4; lastKnownFileType = sourcecode.c.objc; path = MXIClientReconnectMethodCall.m; sourceTree = "<group>"; };
		E91FB4591944E091007408BF /* MXIClientReconnectMethodCall.h */ = {isa = PBXFileReference; fileEncoding = 4; lastKnownFileType = sourcecode.c.h; path = MXIClientReconnectMethodCall.h; sourceTree = "<group>"; };
		E920A1F019427D78001C62AD /* MXIChatWindowController.h */ = {isa = PBXFileReference; fileEncoding = 4; lastKnownFileType = sourcecode.c.h; lineEnding = 0; path = MXIChatWindowController.h; sourceTree = "<group>"; xcLanguageSpecificationIdentifier = xcode.lang.objcpp; };
		E920A1F119427D78001C62AD /* MXIChatWindowController.m */ = {isa = PBXFileReference; fileEncoding = 4; lastKnownFileType = sourcecode.c.objc; lineEnding = 0; path = MXIChatWindowController.m; sourceTree = "<group>"; xcLanguageSpecificationIdentifier = xcode.lang.objc; };
		E920A1F219427D78001C62AD /* MXIChatWindowController.xib */ = {isa = PBXFileReference; fileEncoding = 4; lastKnownFileType = file.xib; path = MXIChatWindowController.xib; sourceTree = "<group>"; };
		F21E0A8F19434FBB00064E1A /* MXIClientEvent.h */ = {isa = PBXFileReference; fileEncoding = 4; lastKnownFileType = sourcecode.c.h; path = MXIClientEvent.h; sourceTree = "<group>"; };
		F2261583194312CE002C78EF /* MXIClientBufferQuit.h */ = {isa = PBXFileReference; fileEncoding = 4; lastKnownFileType = sourcecode.c.h; lineEnding = 0; path = MXIClientBufferQuit.h; sourceTree = "<group>"; xcLanguageSpecificationIdentifier = xcode.lang.objcpp; };
		F2261584194312CE002C78EF /* MXIClientBufferQuit.m */ = {isa = PBXFileReference; fileEncoding = 4; lastKnownFileType = sourcecode.c.objc; lineEnding = 0; path = MXIClientBufferQuit.m; sourceTree = "<group>"; xcLanguageSpecificationIdentifier = xcode.lang.objc; };
		F270CBF91944AD4B009781D3 /* MXIClientIdle.h */ = {isa = PBXFileReference; fileEncoding = 4; lastKnownFileType = sourcecode.c.h; path = MXIClientIdle.h; sourceTree = "<group>"; };
		F270CBFA1944AD4B009781D3 /* MXIClientIdle.m */ = {isa = PBXFileReference; fileEncoding = 4; lastKnownFileType = sourcecode.c.objc; path = MXIClientIdle.m; sourceTree = "<group>"; };
		F28399A617D659A800CF291D /* RainchatTests.xctest */ = {isa = PBXFileReference; explicitFileType = wrapper.cfbundle; includeInIndex = 0; path = RainchatTests.xctest; sourceTree = BUILT_PRODUCTS_DIR; };
		F288A9BE17D35D1D00D4AF6A /* Rainchat.app */ = {isa = PBXFileReference; explicitFileType = wrapper.application; includeInIndex = 0; path = Rainchat.app; sourceTree = BUILT_PRODUCTS_DIR; };
		F288A9C117D35D1D00D4AF6A /* Cocoa.framework */ = {isa = PBXFileReference; lastKnownFileType = wrapper.framework; name = Cocoa.framework; path = System/Library/Frameworks/Cocoa.framework; sourceTree = SDKROOT; };
		F288A9C417D35D1D00D4AF6A /* AppKit.framework */ = {isa = PBXFileReference; lastKnownFileType = wrapper.framework; name = AppKit.framework; path = System/Library/Frameworks/AppKit.framework; sourceTree = SDKROOT; };
		F288A9C517D35D1D00D4AF6A /* CoreData.framework */ = {isa = PBXFileReference; lastKnownFileType = wrapper.framework; name = CoreData.framework; path = System/Library/Frameworks/CoreData.framework; sourceTree = SDKROOT; };
		F288A9C617D35D1D00D4AF6A /* Foundation.framework */ = {isa = PBXFileReference; lastKnownFileType = wrapper.framework; name = Foundation.framework; path = System/Library/Frameworks/Foundation.framework; sourceTree = SDKROOT; };
		F288A9C917D35D1D00D4AF6A /* Rainchat-Info.plist */ = {isa = PBXFileReference; lastKnownFileType = text.plist.xml; path = "Rainchat-Info.plist"; sourceTree = "<group>"; };
		F288A9CB17D35D1D00D4AF6A /* en */ = {isa = PBXFileReference; lastKnownFileType = text.plist.strings; name = en; path = en.lproj/InfoPlist.strings; sourceTree = "<group>"; };
		F288A9CD17D35D1D00D4AF6A /* main.m */ = {isa = PBXFileReference; lastKnownFileType = sourcecode.c.objc; lineEnding = 0; path = main.m; sourceTree = "<group>"; xcLanguageSpecificationIdentifier = xcode.lang.objc; };
		F288A9CF17D35D1D00D4AF6A /* Rainchat-Prefix.pch */ = {isa = PBXFileReference; lastKnownFileType = sourcecode.c.h; path = "Rainchat-Prefix.pch"; sourceTree = "<group>"; };
		F288A9D117D35D1D00D4AF6A /* en */ = {isa = PBXFileReference; lastKnownFileType = text.rtf; name = en; path = en.lproj/Credits.rtf; sourceTree = "<group>"; };
		F288A9D317D35D1D00D4AF6A /* MXIAppDelegate.h */ = {isa = PBXFileReference; lastKnownFileType = sourcecode.c.h; lineEnding = 0; path = MXIAppDelegate.h; sourceTree = "<group>"; xcLanguageSpecificationIdentifier = xcode.lang.objcpp; };
		F288A9D417D35D1D00D4AF6A /* MXIAppDelegate.m */ = {isa = PBXFileReference; lastKnownFileType = sourcecode.c.objc; lineEnding = 0; path = MXIAppDelegate.m; sourceTree = "<group>"; xcLanguageSpecificationIdentifier = xcode.lang.objc; };
		F288A9D717D35D1D00D4AF6A /* Base */ = {isa = PBXFileReference; lastKnownFileType = file.xib; name = Base; path = Base.lproj/MainMenu.xib; sourceTree = "<group>"; };
		F288A9D917D35D1D00D4AF6A /* Images.xcassets */ = {isa = PBXFileReference; lastKnownFileType = folder.assetcatalog; path = Images.xcassets; sourceTree = "<group>"; };
		F288A9E017D35D1D00D4AF6A /* XCTest.framework */ = {isa = PBXFileReference; lastKnownFileType = wrapper.framework; name = XCTest.framework; path = Library/Frameworks/XCTest.framework; sourceTree = DEVELOPER_DIR; };
		F288A9E717D35D1D00D4AF6A /* RainchatTests-Info.plist */ = {isa = PBXFileReference; lastKnownFileType = text.plist.xml; path = "RainchatTests-Info.plist"; sourceTree = "<group>"; };
		F288A9E917D35D1D00D4AF6A /* en */ = {isa = PBXFileReference; lastKnownFileType = text.plist.strings; name = en; path = en.lproj/InfoPlist.strings; sourceTree = "<group>"; };
		F29D69F817D3646200B44A15 /* Podfile */ = {isa = PBXFileReference; lastKnownFileType = text; path = Podfile; sourceTree = SOURCE_ROOT; xcLanguageSpecificationIdentifier = xcode.lang.ruby; };
		F2ACECC817D3DF3100D3F5C1 /* MXIClientTransport.h */ = {isa = PBXFileReference; fileEncoding = 4; lastKnownFileType = sourcecode.c.h; lineEnding = 0; path = MXIClientTransport.h; sourceTree = "<group>"; xcLanguageSpecificationIdentifier = xcode.lang.objcpp; };
		F2ACECC917D3DF3100D3F5C1 /* MXIClientTransport.m */ = {isa = PBXFileReference; fileEncoding = 4; lastKnownFileType = sourcecode.c.objc; lineEnding = 0; path = MXIClientTransport.m; sourceTree = "<group>"; xcLanguageSpecificationIdentifier = xcode.lang.objc; };
		F2ACECCB17D3E07E00D3F5C1 /* MXIClientDelegate.h */ = {isa = PBXFileReference; lastKnownFileType = sourcecode.c.h; lineEnding = 0; path = MXIClientDelegate.h; sourceTree = "<group>"; xcLanguageSpecificationIdentifier = xcode.lang.objcpp; };
		F2ACECCC17D3F02200D3F5C1 /* Podfile.lock */ = {isa = PBXFileReference; lastKnownFileType = text; path = Podfile.lock; sourceTree = SOURCE_ROOT; };
		F2B4BDFC1943B0230024A0DD /* Rainchat.entitlements */ = {isa = PBXFileReference; lastKnownFileType = text.xml; path = Rainchat.entitlements; sourceTree = "<group>"; };
		F2F7702317D7FA860017F91D /* MXIClient.h */ = {isa = PBXFileReference; fileEncoding = 4; lastKnownFileType = sourcecode.c.h; lineEnding = 0; path = MXIClient.h; sourceTree = "<group>"; xcLanguageSpecificationIdentifier = xcode.lang.objcpp; };
		F2F7702417D7FA860017F91D /* MXIClient.m */ = {isa = PBXFileReference; fileEncoding = 4; lastKnownFileType = sourcecode.c.objc; lineEnding = 0; path = MXIClient.m; sourceTree = "<group>"; xcLanguageSpecificationIdentifier = xcode.lang.objc; };
		F2FA40601943B15B00C79347 /* LICENSE.txt */ = {isa = PBXFileReference; fileEncoding = 4; lastKnownFileType = text; path = LICENSE.txt; sourceTree = "<group>"; };
		F2FDC80019393D2C0062E6AF /* Base */ = {isa = PBXFileReference; lastKnownFileType = file.xib; name = Base; path = Base.lproj/LoginSheet.xib; sourceTree = "<group>"; };
		F866E98F511A4C498E3456F5 /* libPods.a */ = {isa = PBXFileReference; explicitFileType = archive.ar; includeInIndex = 0; path = libPods.a; sourceTree = BUILT_PRODUCTS_DIR; };
		FA753E9D36254A44B872A17C /* Pods-mxey-IRCCloudTests.xcconfig */ = {isa = PBXFileReference; includeInIndex = 1; lastKnownFileType = text.xcconfig; name = "Pods-mxey-IRCCloudTests.xcconfig"; path = "Pods/Pods-mxey-IRCCloudTests.xcconfig"; sourceTree = SOURCE_ROOT; };
/* End PBXFileReference section */

/* Begin PBXFrameworksBuildPhase section */
		F28399A217D659A800CF291D /* Frameworks */ = {
			isa = PBXFrameworksBuildPhase;
			buildActionMask = 2147483647;
			files = (
				F28399A917D659A800CF291D /* Cocoa.framework in Frameworks */,
				D74764FF18C74A72BA6E5B45 /* libPods-mxey-IRCCloudTests.a in Frameworks */,
			);
			runOnlyForDeploymentPostprocessing = 0;
		};
		F288A9BB17D35D1C00D4AF6A /* Frameworks */ = {
			isa = PBXFrameworksBuildPhase;
			buildActionMask = 2147483647;
			files = (
				F288A9C217D35D1D00D4AF6A /* Cocoa.framework in Frameworks */,
				8AE2694F5A0147099679819F /* libPods.a in Frameworks */,
			);
			runOnlyForDeploymentPostprocessing = 0;
		};
/* End PBXFrameworksBuildPhase section */

/* Begin PBXGroup section */
		335B908CC3894D2946017389 /* Commands */ = {
			isa = PBXGroup;
			children = (
				335B95F0FD0D0E0C4B4494D3 /* MXIClientMethodCall.h */,
				335B903961229A4D7781E25D /* MXIClientMethodCall.m */,
				D9B42C33194119D800C7EFB4 /* MXIClientHeartbeatMethodCall.h */,
				D9B42C34194119D800C7EFB4 /* MXIClientHeartbeatMethodCall.m */,
				E91FB4591944E091007408BF /* MXIClientReconnectMethodCall.h */,
				E91FB4581944E091007408BF /* MXIClientReconnectMethodCall.m */,
				335B92031FC93CF0F562F1A1 /* MXIClientSayMethodCall.h */,
				335B90AE30F13437A58C4A03 /* MXIClientSayMethodCall.m */,
			);
			path = Commands;
			sourceTree = "<group>";
		};
		335B91E4A425A5FB80D58209 /* Events */ = {
			isa = PBXGroup;
			children = (
				335B9347D15F73C878494EF8 /* MXIAbstractClientBufferEvent.h */,
				335B946D55D66009621A955D /* MXIAbstractClientBufferEvent.m */,
				335B93E9D656DF69C003DDC6 /* MXIClientBuffer.h */,
				335B955D1542C8EFA24D11E7 /* MXIClientBuffer.m */,
				335B98CFCCE99EE651FE9E17 /* MXIClientBufferAction.h */,
				335B970CE11E796679ABF3DB /* MXIClientBufferAction.m */,
				D9B42C2A1940EEA700C7EFB4 /* MXIClientBufferJoin.h */,
				D9B42C2B1940EEA700C7EFB4 /* MXIClientBufferJoin.m */,
				D9B42C2D1940EF1200C7EFB4 /* MXIClientBufferLeave.h */,
				D9B42C2E1940EF1200C7EFB4 /* MXIClientBufferLeave.m */,
				335B901034F393F1496F64C0 /* MXIClientBufferMessage.h */,
				335B9928C2B3DB09F42D6B18 /* MXIClientBufferMessage.m */,
				335B937021E2831E3325D3F1 /* MXIClientBufferNotice.h */,
				335B9157E58B3A5FBAD4F398 /* MXIClientBufferNotice.m */,
				F2261583194312CE002C78EF /* MXIClientBufferQuit.h */,
				F2261584194312CE002C78EF /* MXIClientBufferQuit.m */,
				D93D89CC193F8AAD00BDD6D0 /* MXIClientChannel.h */,
				D93D89CD193F8AAD00BDD6D0 /* MXIClientChannel.m */,
				F21E0A8F19434FBB00064E1A /* MXIClientEvent.h */,
				335B984AAA1E88A620B6F997 /* MXIClientServer.h */,
				335B935019C388A9957D78D5 /* MXIClientServer.m */,
				D93EF77D193F8EB0003699B3 /* MXIClientUser.h */,
				F270CBF91944AD4B009781D3 /* MXIClientIdle.h */,
				F270CBFA1944AD4B009781D3 /* MXIClientIdle.m */,
				D93EF77E193F8EB0003699B3 /* MXIClientUser.m */,
				335B9D0EABE271B4CD9EF937 /* MXIClientUserStats.h */,
				335B97AB0D165B8688A22FC5 /* MXIClientUserStats.m */,
			);
			path = Events;
			sourceTree = "<group>";
		};
		E91FB40E19439A10007408BF /* UI Components */ = {
			isa = PBXGroup;
			children = (
				E91FB40B19438B87007408BF /* MXIMessageTextView.h */,
				E91FB40C19438B87007408BF /* MXIMessageTextView.m */,
			);
			name = "UI Components";
			sourceTree = "<group>";
		};
		E920A1F519428AC0001C62AD /* View controllers */ = {
			isa = PBXGroup;
			children = (
				E920A1F019427D78001C62AD /* MXIChatWindowController.h */,
				E920A1F119427D78001C62AD /* MXIChatWindowController.m */,
				E920A1F219427D78001C62AD /* MXIChatWindowController.xib */,
				335B90DDEB9FCA036253B337 /* MXILoginSheetController.h */,
				335B95E4544E03654981B73B /* MXILoginSheetController.m */,
				F2FDC7FF19393D2C0062E6AF /* LoginSheet.xib */,
			);
			name = "View controllers";
			sourceTree = "<group>";
		};
		F288A9B517D35D1C00D4AF6A = {
			isa = PBXGroup;
			children = (
				F2FA40601943B15B00C79347 /* LICENSE.txt */,
				F288A9C717D35D1D00D4AF6A /* Rainchat */,
				F288A9E517D35D1D00D4AF6A /* RainchatTests */,
				F288A9C017D35D1D00D4AF6A /* Frameworks */,
				F288A9BF17D35D1D00D4AF6A /* Products */,
				263842E134D146DEBCEB8203 /* Pods.xcconfig */,
				FA753E9D36254A44B872A17C /* Pods-mxey-IRCCloudTests.xcconfig */,
				335B9D31190AC09C7720330E /* README.md */,
			);
			sourceTree = "<group>";
		};
		F288A9BF17D35D1D00D4AF6A /* Products */ = {
			isa = PBXGroup;
			children = (
				F288A9BE17D35D1D00D4AF6A /* Rainchat.app */,
				F28399A617D659A800CF291D /* RainchatTests.xctest */,
			);
			name = Products;
			sourceTree = "<group>";
		};
		F288A9C017D35D1D00D4AF6A /* Frameworks */ = {
			isa = PBXGroup;
			children = (
				F288A9C117D35D1D00D4AF6A /* Cocoa.framework */,
				F288A9E017D35D1D00D4AF6A /* XCTest.framework */,
				F288A9C317D35D1D00D4AF6A /* Other Frameworks */,
				F866E98F511A4C498E3456F5 /* libPods.a */,
				83266AF4E83B48749B8A6023 /* libPods-mxey-IRCCloudTests.a */,
			);
			name = Frameworks;
			sourceTree = "<group>";
		};
		F288A9C317D35D1D00D4AF6A /* Other Frameworks */ = {
			isa = PBXGroup;
			children = (
				F288A9C417D35D1D00D4AF6A /* AppKit.framework */,
				F288A9C517D35D1D00D4AF6A /* CoreData.framework */,
				F288A9C617D35D1D00D4AF6A /* Foundation.framework */,
			);
			name = "Other Frameworks";
			sourceTree = "<group>";
		};
		F288A9C717D35D1D00D4AF6A /* Rainchat */ = {
			isa = PBXGroup;
			children = (
				F2B4BDFC1943B0230024A0DD /* Rainchat.entitlements */,
				335B908CC3894D2946017389 /* Commands */,
				335B91E4A425A5FB80D58209 /* Events */,
				E91FB40E19439A10007408BF /* UI Components */,
				E920A1F519428AC0001C62AD /* View controllers */,
				F288A9D317D35D1D00D4AF6A /* MXIAppDelegate.h */,
				F288A9D417D35D1D00D4AF6A /* MXIAppDelegate.m */,
				F2F7702317D7FA860017F91D /* MXIClient.h */,
				F2F7702417D7FA860017F91D /* MXIClient.m */,
				F2ACECCB17D3E07E00D3F5C1 /* MXIClientDelegate.h */,
				F2ACECC817D3DF3100D3F5C1 /* MXIClientTransport.h */,
				F2ACECC917D3DF3100D3F5C1 /* MXIClientTransport.m */,
				335B9A51A168911D9D527341 /* MXIClientTransportDelegate.h */,
				F29D69F817D3646200B44A15 /* Podfile */,
				F288A9D617D35D1D00D4AF6A /* MainMenu.xib */,
				F288A9D917D35D1D00D4AF6A /* Images.xcassets */,
				F288A9C817D35D1D00D4AF6A /* Supporting Files */,
				F2ACECCC17D3F02200D3F5C1 /* Podfile.lock */,
			);
			path = Rainchat;
			sourceTree = "<group>";
		};
		F288A9C817D35D1D00D4AF6A /* Supporting Files */ = {
			isa = PBXGroup;
			children = (
				F288A9C917D35D1D00D4AF6A /* Rainchat-Info.plist */,
				F288A9CA17D35D1D00D4AF6A /* InfoPlist.strings */,
				F288A9CD17D35D1D00D4AF6A /* main.m */,
				F288A9CF17D35D1D00D4AF6A /* Rainchat-Prefix.pch */,
				F288A9D017D35D1D00D4AF6A /* Credits.rtf */,
			);
			name = "Supporting Files";
			sourceTree = "<group>";
		};
		F288A9E517D35D1D00D4AF6A /* RainchatTests */ = {
			isa = PBXGroup;
			children = (
				F288A9E617D35D1D00D4AF6A /* Supporting Files */,
			);
			path = RainchatTests;
			sourceTree = "<group>";
		};
		F288A9E617D35D1D00D4AF6A /* Supporting Files */ = {
			isa = PBXGroup;
			children = (
				F288A9E717D35D1D00D4AF6A /* RainchatTests-Info.plist */,
				F288A9E817D35D1D00D4AF6A /* InfoPlist.strings */,
			);
			name = "Supporting Files";
			sourceTree = "<group>";
		};
/* End PBXGroup section */

/* Begin PBXNativeTarget section */
		F28399A517D659A800CF291D /* RainchatTests */ = {
			isa = PBXNativeTarget;
			buildConfigurationList = F28399B417D659A800CF291D /* Build configuration list for PBXNativeTarget "RainchatTests" */;
			buildPhases = (
				818D32C9CBF04907B5B2F12C /* Check Pods Manifest.lock */,
				F28399A117D659A800CF291D /* Sources */,
				F28399A217D659A800CF291D /* Frameworks */,
				F28399A317D659A800CF291D /* Resources */,
				F28399A417D659A800CF291D /* ShellScript */,
				4199BF3D825A491BA453485A /* Copy Pods Resources */,
			);
			buildRules = (
			);
			dependencies = (
			);
			name = RainchatTests;
			productName = "mxey-IRCCloudTests";
			productReference = F28399A617D659A800CF291D /* RainchatTests.xctest */;
			productType = "com.apple.product-type.bundle.unit-test";
		};
		F288A9BD17D35D1C00D4AF6A /* Rainchat */ = {
			isa = PBXNativeTarget;
			buildConfigurationList = F288A9EF17D35D1D00D4AF6A /* Build configuration list for PBXNativeTarget "Rainchat" */;
			buildPhases = (
				4A83D566761445238A0468C4 /* Check Pods Manifest.lock */,
				F288A9BA17D35D1C00D4AF6A /* Sources */,
				F288A9BB17D35D1C00D4AF6A /* Frameworks */,
				F288A9BC17D35D1C00D4AF6A /* Resources */,
				344C541B52E44A5D8F446A6B /* Copy Pods Resources */,
			);
			buildRules = (
			);
			dependencies = (
			);
			name = Rainchat;
			productName = "mxey-IRCCloud";
			productReference = F288A9BE17D35D1D00D4AF6A /* Rainchat.app */;
			productType = "com.apple.product-type.application";
		};
/* End PBXNativeTarget section */

/* Begin PBXProject section */
		F288A9B617D35D1C00D4AF6A /* Project object */ = {
			isa = PBXProject;
			attributes = {
				CLASSPREFIX = MXI;
				LastUpgradeCheck = 0600;
				ORGANIZATIONNAME = "";
				TargetAttributes = {
					F288A9BD17D35D1C00D4AF6A = {
						SystemCapabilities = {
							com.apple.Sandbox = {
								enabled = 1;
							};
						};
					};
				};
			};
			buildConfigurationList = F288A9B917D35D1C00D4AF6A /* Build configuration list for PBXProject "Rainchat" */;
			compatibilityVersion = "Xcode 3.2";
			developmentRegion = English;
			hasScannedForEncodings = 0;
			knownRegions = (
				en,
				Base,
			);
			mainGroup = F288A9B517D35D1C00D4AF6A;
			productRefGroup = F288A9BF17D35D1D00D4AF6A /* Products */;
			projectDirPath = "";
			projectRoot = "";
			targets = (
				F288A9BD17D35D1C00D4AF6A /* Rainchat */,
				F28399A517D659A800CF291D /* RainchatTests */,
			);
		};
/* End PBXProject section */

/* Begin PBXResourcesBuildPhase section */
		F28399A317D659A800CF291D /* Resources */ = {
			isa = PBXResourcesBuildPhase;
			buildActionMask = 2147483647;
			files = (
			);
			runOnlyForDeploymentPostprocessing = 0;
		};
		F288A9BC17D35D1C00D4AF6A /* Resources */ = {
			isa = PBXResourcesBuildPhase;
			buildActionMask = 2147483647;
			files = (
				F288A9CC17D35D1D00D4AF6A /* InfoPlist.strings in Resources */,
				F2FDC80119393D2C0062E6AF /* LoginSheet.xib in Resources */,
				F288A9DA17D35D1D00D4AF6A /* Images.xcassets in Resources */,
				F288A9D217D35D1D00D4AF6A /* Credits.rtf in Resources */,
				E920A1F419427D78001C62AD /* MXIChatWindowController.xib in Resources */,
				F288A9D817D35D1D00D4AF6A /* MainMenu.xib in Resources */,
				F2FA40611943B15B00C79347 /* LICENSE.txt in Resources */,
				335B9A4539BADA52720957AE /* README.md in Resources */,
			);
			runOnlyForDeploymentPostprocessing = 0;
		};
/* End PBXResourcesBuildPhase section */

/* Begin PBXShellScriptBuildPhase section */
		344C541B52E44A5D8F446A6B /* Copy Pods Resources */ = {
			isa = PBXShellScriptBuildPhase;
			buildActionMask = 2147483647;
			files = (
			);
			inputPaths = (
			);
			name = "Copy Pods Resources";
			outputPaths = (
			);
			runOnlyForDeploymentPostprocessing = 0;
			shellPath = /bin/sh;
			shellScript = "\"${SRCROOT}/Pods/Pods-resources.sh\"\n";
			showEnvVarsInLog = 0;
		};
		4199BF3D825A491BA453485A /* Copy Pods Resources */ = {
			isa = PBXShellScriptBuildPhase;
			buildActionMask = 2147483647;
			files = (
			);
			inputPaths = (
			);
			name = "Copy Pods Resources";
			outputPaths = (
			);
			runOnlyForDeploymentPostprocessing = 0;
			shellPath = /bin/sh;
			shellScript = "\"${SRCROOT}/Pods/Pods-mxey-IRCCloudTests-resources.sh\"\n";
			showEnvVarsInLog = 0;
		};
		4A83D566761445238A0468C4 /* Check Pods Manifest.lock */ = {
			isa = PBXShellScriptBuildPhase;
			buildActionMask = 2147483647;
			files = (
			);
			inputPaths = (
			);
			name = "Check Pods Manifest.lock";
			outputPaths = (
			);
			runOnlyForDeploymentPostprocessing = 0;
			shellPath = /bin/sh;
			shellScript = "diff \"${PODS_ROOT}/../Podfile.lock\" \"${PODS_ROOT}/Manifest.lock\" > /dev/null\nif [[ $? != 0 ]] ; then\n    cat << EOM\nerror: The sandbox is not in sync with the Podfile.lock. Run 'pod install' or update your CocoaPods installation.\nEOM\n    exit 1\nfi\n";
			showEnvVarsInLog = 0;
		};
		818D32C9CBF04907B5B2F12C /* Check Pods Manifest.lock */ = {
			isa = PBXShellScriptBuildPhase;
			buildActionMask = 2147483647;
			files = (
			);
			inputPaths = (
			);
			name = "Check Pods Manifest.lock";
			outputPaths = (
			);
			runOnlyForDeploymentPostprocessing = 0;
			shellPath = /bin/sh;
			shellScript = "diff \"${PODS_ROOT}/../Podfile.lock\" \"${PODS_ROOT}/Manifest.lock\" > /dev/null\nif [[ $? != 0 ]] ; then\n    cat << EOM\nerror: The sandbox is not in sync with the Podfile.lock. Run 'pod install' or update your CocoaPods installation.\nEOM\n    exit 1\nfi\n";
			showEnvVarsInLog = 0;
		};
		F28399A417D659A800CF291D /* ShellScript */ = {
			isa = PBXShellScriptBuildPhase;
			buildActionMask = 2147483647;
			files = (
			);
			inputPaths = (
			);
			outputPaths = (
			);
			runOnlyForDeploymentPostprocessing = 0;
			shellPath = /bin/sh;
			shellScript = "# Run the unit tests in this test bundle.\n\"${SYSTEM_DEVELOPER_DIR}/Tools/RunUnitTests\"\n";
		};
/* End PBXShellScriptBuildPhase section */

/* Begin PBXSourcesBuildPhase section */
		F28399A117D659A800CF291D /* Sources */ = {
			isa = PBXSourcesBuildPhase;
			buildActionMask = 2147483647;
			files = (
				F2F7702617D7FA860017F91D /* MXIClient.m in Sources */,
				F2F7701F17D7A2BC0017F91D /* MXIClientTransport.m in Sources */,
				335B918EE0F0002B7E4CF229 /* MXIClientBuffer.m in Sources */,
				335B9D90E58EF0DC19ACFA43 /* MXIClientBufferMessage.m in Sources */,
				335B9DB7ABFF000CB090A26E /* MXIClientServer.m in Sources */,
				335B95A16D39B37452DAC357 /* MXIAbstractClientBufferEvent.m in Sources */,
			);
			runOnlyForDeploymentPostprocessing = 0;
		};
		F288A9BA17D35D1C00D4AF6A /* Sources */ = {
			isa = PBXSourcesBuildPhase;
			buildActionMask = 2147483647;
			files = (
				F288A9CE17D35D1D00D4AF6A /* main.m in Sources */,
				F288A9D517D35D1D00D4AF6A /* MXIAppDelegate.m in Sources */,
				E920A1F319427D78001C62AD /* MXIChatWindowController.m in Sources */,
				F2F7702517D7FA860017F91D /* MXIClient.m in Sources */,
				D93D89CE193F8AAD00BDD6D0 /* MXIClientChannel.m in Sources */,
				F2ACECCA17D3DF3100D3F5C1 /* MXIClientTransport.m in Sources */,
				335B9913D00117512108C628 /* MXIClientBuffer.m in Sources */,
				D93EF77F193F8EB0003699B3 /* MXIClientUser.m in Sources */,
				335B9D4F313F843624CF1AAA /* MXIClientBufferMessage.m in Sources */,
				F270CBFB1944AD4B009781D3 /* MXIClientIdle.m in Sources */,
				335B9BEB3B1CE305CEB2F622 /* MXIClientServer.m in Sources */,
				F2261585194312CE002C78EF /* MXIClientBufferQuit.m in Sources */,
				D9B42C35194119D800C7EFB4 /* MXIClientHeartbeatMethodCall.m in Sources */,
				335B97C234D6731467F29409 /* MXIClientSayMethodCall.m in Sources */,
				335B9B86FE7889063E4229BD /* MXIClientMethodCall.m in Sources */,
				D9B42C2F1940EF1200C7EFB4 /* MXIClientBufferLeave.m in Sources */,
				D9B42C2C1940EEA700C7EFB4 /* MXIClientBufferJoin.m in Sources */,
				E91FB40D19438B87007408BF /* MXIMessageTextView.m in Sources */,
				335B9994983418E7B8C6C584 /* MXIClientUserStats.m in Sources */,
				335B9E9CC2933F6E208BDD64 /* MXIAbstractClientBufferEvent.m in Sources */,
				335B9BBD4836E56DDA16BF23 /* MXIClientBufferAction.m in Sources */,
				E91FB45A1944E091007408BF /* MXIClientReconnectMethodCall.m in Sources */,
				335B9697516EE43C6E61B008 /* MXIClientBufferNotice.m in Sources */,
				335B9C71619BFD4E7FA59D10 /* MXILoginSheetController.m in Sources */,
			);
			runOnlyForDeploymentPostprocessing = 0;
		};
/* End PBXSourcesBuildPhase section */

/* Begin PBXVariantGroup section */
		F288A9CA17D35D1D00D4AF6A /* InfoPlist.strings */ = {
			isa = PBXVariantGroup;
			children = (
				F288A9CB17D35D1D00D4AF6A /* en */,
			);
			name = InfoPlist.strings;
			sourceTree = "<group>";
		};
		F288A9D017D35D1D00D4AF6A /* Credits.rtf */ = {
			isa = PBXVariantGroup;
			children = (
				F288A9D117D35D1D00D4AF6A /* en */,
			);
			name = Credits.rtf;
			sourceTree = "<group>";
		};
		F288A9D617D35D1D00D4AF6A /* MainMenu.xib */ = {
			isa = PBXVariantGroup;
			children = (
				F288A9D717D35D1D00D4AF6A /* Base */,
			);
			name = MainMenu.xib;
			sourceTree = "<group>";
		};
		F288A9E817D35D1D00D4AF6A /* InfoPlist.strings */ = {
			isa = PBXVariantGroup;
			children = (
				F288A9E917D35D1D00D4AF6A /* en */,
			);
			name = InfoPlist.strings;
			sourceTree = "<group>";
		};
		F2FDC7FF19393D2C0062E6AF /* LoginSheet.xib */ = {
			isa = PBXVariantGroup;
			children = (
				F2FDC80019393D2C0062E6AF /* Base */,
			);
			name = LoginSheet.xib;
			sourceTree = "<group>";
		};
/* End PBXVariantGroup section */

/* Begin XCBuildConfiguration section */
		F28399B517D659A800CF291D /* Debug */ = {
			isa = XCBuildConfiguration;
			baseConfigurationReference = FA753E9D36254A44B872A17C /* Pods-mxey-IRCCloudTests.xcconfig */;
			buildSettings = {
				COMBINE_HIDPI_IMAGES = YES;
				GCC_PRECOMPILE_PREFIX_HEADER = YES;
				GCC_PREFIX_HEADER = "RainchatTests/RainchatTests-Prefix.pch";
				GCC_WARN_ABOUT_RETURN_TYPE = YES;
				INFOPLIST_FILE = "mxey-IRCCloudTests/RainchatTests-Info.plist";
				PRODUCT_NAME = RainchatTests;
			};
			name = Debug;
		};
		F28399B617D659A800CF291D /* Release */ = {
			isa = XCBuildConfiguration;
			baseConfigurationReference = FA753E9D36254A44B872A17C /* Pods-mxey-IRCCloudTests.xcconfig */;
			buildSettings = {
				COMBINE_HIDPI_IMAGES = YES;
				GCC_PRECOMPILE_PREFIX_HEADER = YES;
				GCC_PREFIX_HEADER = "RainchatTests/RainchatTests-Prefix.pch";
				GCC_WARN_ABOUT_RETURN_TYPE = YES;
				INFOPLIST_FILE = "mxey-IRCCloudTests/RainchatTests-Info.plist";
				PRODUCT_NAME = RainchatTests;
			};
			name = Release;
		};
		F288A9ED17D35D1D00D4AF6A /* Debug */ = {
			isa = XCBuildConfiguration;
			buildSettings = {
				ALWAYS_SEARCH_USER_PATHS = NO;
				CLANG_CXX_LANGUAGE_STANDARD = "gnu++0x";
				CLANG_CXX_LIBRARY = "libc++";
				CLANG_ENABLE_MODULES = YES;
				CLANG_ENABLE_OBJC_ARC = YES;
				CLANG_WARN_BOOL_CONVERSION = YES;
				CLANG_WARN_CONSTANT_CONVERSION = YES;
				CLANG_WARN_DIRECT_OBJC_ISA_USAGE = YES_ERROR;
				CLANG_WARN_EMPTY_BODY = YES;
				CLANG_WARN_ENUM_CONVERSION = YES;
				CLANG_WARN_INT_CONVERSION = YES;
				CLANG_WARN_OBJC_ROOT_CLASS = YES_ERROR;
				CLANG_WARN__DUPLICATE_METHOD_MATCH = YES;
				COPY_PHASE_STRIP = NO;
				GCC_C_LANGUAGE_STANDARD = gnu99;
				GCC_DYNAMIC_NO_PIC = NO;
				GCC_ENABLE_OBJC_EXCEPTIONS = YES;
				GCC_OPTIMIZATION_LEVEL = 0;
				GCC_PREPROCESSOR_DEFINITIONS = (
					"DEBUG=1",
					"$(inherited)",
				);
				GCC_SYMBOLS_PRIVATE_EXTERN = NO;
				GCC_WARN_64_TO_32_BIT_CONVERSION = YES;
				GCC_WARN_ABOUT_RETURN_TYPE = YES_ERROR;
				GCC_WARN_UNDECLARED_SELECTOR = YES;
				GCC_WARN_UNINITIALIZED_AUTOS = YES;
				GCC_WARN_UNUSED_FUNCTION = YES;
				GCC_WARN_UNUSED_VARIABLE = YES;
				MACOSX_DEPLOYMENT_TARGET = 10.8;
				ONLY_ACTIVE_ARCH = YES;
				SDKROOT = macosx;
			};
			name = Debug;
		};
		F288A9EE17D35D1D00D4AF6A /* Release */ = {
			isa = XCBuildConfiguration;
			buildSettings = {
				ALWAYS_SEARCH_USER_PATHS = NO;
				CLANG_CXX_LANGUAGE_STANDARD = "gnu++0x";
				CLANG_CXX_LIBRARY = "libc++";
				CLANG_ENABLE_MODULES = YES;
				CLANG_ENABLE_OBJC_ARC = YES;
				CLANG_WARN_BOOL_CONVERSION = YES;
				CLANG_WARN_CONSTANT_CONVERSION = YES;
				CLANG_WARN_DIRECT_OBJC_ISA_USAGE = YES_ERROR;
				CLANG_WARN_EMPTY_BODY = YES;
				CLANG_WARN_ENUM_CONVERSION = YES;
				CLANG_WARN_INT_CONVERSION = YES;
				CLANG_WARN_OBJC_ROOT_CLASS = YES_ERROR;
				CLANG_WARN__DUPLICATE_METHOD_MATCH = YES;
				COPY_PHASE_STRIP = YES;
				DEBUG_INFORMATION_FORMAT = "dwarf-with-dsym";
				ENABLE_NS_ASSERTIONS = NO;
				GCC_C_LANGUAGE_STANDARD = gnu99;
				GCC_ENABLE_OBJC_EXCEPTIONS = YES;
				GCC_WARN_64_TO_32_BIT_CONVERSION = YES;
				GCC_WARN_ABOUT_RETURN_TYPE = YES_ERROR;
				GCC_WARN_UNDECLARED_SELECTOR = YES;
				GCC_WARN_UNINITIALIZED_AUTOS = YES;
				GCC_WARN_UNUSED_FUNCTION = YES;
				GCC_WARN_UNUSED_VARIABLE = YES;
				MACOSX_DEPLOYMENT_TARGET = 10.8;
				SDKROOT = macosx;
			};
			name = Release;
		};
		F288A9F017D35D1D00D4AF6A /* Debug */ = {
			isa = XCBuildConfiguration;
			baseConfigurationReference = 263842E134D146DEBCEB8203 /* Pods.xcconfig */;
			buildSettings = {
				ASSETCATALOG_COMPILER_APPICON_NAME = AppIcon;
				CLANG_ENABLE_MODULES = YES;
				CODE_SIGN_ENTITLEMENTS = Rainchat/Rainchat.entitlements;
				CODE_SIGN_IDENTITY = "-";
				COMBINE_HIDPI_IMAGES = YES;
				DEFINES_MODULE = YES;
				GCC_PRECOMPILE_PREFIX_HEADER = YES;
				GCC_PREFIX_HEADER = "Rainchat/Rainchat-Prefix.pch";
				INFOPLIST_FILE = "Rainchat/Rainchat-Info.plist";
				LD_RUNPATH_SEARCH_PATHS = "$(inherited) @executable_path/../Frameworks";
				MACOSX_DEPLOYMENT_TARGET = 10.9;
				PRODUCT_NAME = Rainchat;
				SWIFT_OPTIMIZATION_LEVEL = "-Onone";
				USER_HEADER_SEARCH_PATHS = "\"${PROJECT_DIR}/Pods\"/**";
				WRAPPER_EXTENSION = app;
			};
			name = Debug;
		};
		F288A9F117D35D1D00D4AF6A /* Release */ = {
			isa = XCBuildConfiguration;
			baseConfigurationReference = 263842E134D146DEBCEB8203 /* Pods.xcconfig */;
			buildSettings = {
				ASSETCATALOG_COMPILER_APPICON_NAME = AppIcon;
				CLANG_ENABLE_MODULES = YES;
				CODE_SIGN_ENTITLEMENTS = Rainchat/Rainchat.entitlements;
				CODE_SIGN_IDENTITY = "-";
				COMBINE_HIDPI_IMAGES = YES;
				DEFINES_MODULE = YES;
				GCC_PRECOMPILE_PREFIX_HEADER = YES;
				GCC_PREFIX_HEADER = "Rainchat/Rainchat-Prefix.pch";
				INFOPLIST_FILE = "Rainchat/Rainchat-Info.plist";
				LD_RUNPATH_SEARCH_PATHS = "$(inherited) @executable_path/../Frameworks";
				MACOSX_DEPLOYMENT_TARGET = 10.9;
				PRODUCT_NAME = Rainchat;
				USER_HEADER_SEARCH_PATHS = "\"${PROJECT_DIR}/Pods\"/**";
				WRAPPER_EXTENSION = app;
			};
			name = Release;
		};
/* End XCBuildConfiguration section */

/* Begin XCConfigurationList section */
		F28399B417D659A800CF291D /* Build configuration list for PBXNativeTarget "RainchatTests" */ = {
			isa = XCConfigurationList;
			buildConfigurations = (
				F28399B517D659A800CF291D /* Debug */,
				F28399B617D659A800CF291D /* Release */,
			);
			defaultConfigurationIsVisible = 0;
			defaultConfigurationName = Release;
		};
		F288A9B917D35D1C00D4AF6A /* Build configuration list for PBXProject "Rainchat" */ = {
			isa = XCConfigurationList;
			buildConfigurations = (
				F288A9ED17D35D1D00D4AF6A /* Debug */,
				F288A9EE17D35D1D00D4AF6A /* Release */,
			);
			defaultConfigurationIsVisible = 0;
			defaultConfigurationName = Release;
		};
		F288A9EF17D35D1D00D4AF6A /* Build configuration list for PBXNativeTarget "Rainchat" */ = {
			isa = XCConfigurationList;
			buildConfigurations = (
				F288A9F017D35D1D00D4AF6A /* Debug */,
				F288A9F117D35D1D00D4AF6A /* Release */,
			);
			defaultConfigurationIsVisible = 0;
			defaultConfigurationName = Release;
		};
/* End XCConfigurationList section */
	};
	rootObject = F288A9B617D35D1C00D4AF6A /* Project object */;
}
